// !$*UTF8*$!
{
	archiveVersion = 1;
	classes = {
	};
	objectVersion = 50;
	objects = {

/* Begin PBXBuildFile section */
		9784D2C42302F242007C3AE1 /* AppDelegate.swift in Sources */ = {isa = PBXBuildFile; fileRef = 9784D2C32302F242007C3AE1 /* AppDelegate.swift */; };
		9784D2C92302F242007C3AE1 /* Main.storyboard in Resources */ = {isa = PBXBuildFile; fileRef = 9784D2C72302F242007C3AE1 /* Main.storyboard */; };
		9784D2CC2302F242007C3AE1 /* View_Finder.xcdatamodeld in Sources */ = {isa = PBXBuildFile; fileRef = 9784D2CA2302F242007C3AE1 /* View_Finder.xcdatamodeld */; };
		9784D2CE2302F243007C3AE1 /* Assets.xcassets in Resources */ = {isa = PBXBuildFile; fileRef = 9784D2CD2302F243007C3AE1 /* Assets.xcassets */; };
		9784D2D12302F243007C3AE1 /* LaunchScreen.storyboard in Resources */ = {isa = PBXBuildFile; fileRef = 9784D2CF2302F243007C3AE1 /* LaunchScreen.storyboard */; };
		9784D2DC2302F243007C3AE1 /* View_FinderTests.swift in Sources */ = {isa = PBXBuildFile; fileRef = 9784D2DB2302F243007C3AE1 /* View_FinderTests.swift */; };
		9784D2E72302F243007C3AE1 /* View_FinderUITests.swift in Sources */ = {isa = PBXBuildFile; fileRef = 9784D2E62302F243007C3AE1 /* View_FinderUITests.swift */; };
		9784D2F52302FCDA007C3AE1 /* ViewController.swift in Sources */ = {isa = PBXBuildFile; fileRef = 9784D2F42302FCDA007C3AE1 /* ViewController.swift */; };
/* End PBXBuildFile section */

/* Begin PBXContainerItemProxy section */
		9784D2D82302F243007C3AE1 /* PBXContainerItemProxy */ = {
			isa = PBXContainerItemProxy;
			containerPortal = 9784D2B82302F241007C3AE1 /* Project object */;
			proxyType = 1;
			remoteGlobalIDString = 9784D2BF2302F241007C3AE1;
			remoteInfo = "View-Finder";
		};
		9784D2E32302F243007C3AE1 /* PBXContainerItemProxy */ = {
			isa = PBXContainerItemProxy;
			containerPortal = 9784D2B82302F241007C3AE1 /* Project object */;
			proxyType = 1;
			remoteGlobalIDString = 9784D2BF2302F241007C3AE1;
			remoteInfo = "View-Finder";
		};
/* End PBXContainerItemProxy section */

/* Begin PBXFileReference section */
		9784D2C02302F241007C3AE1 /* View-Finder.app */ = {isa = PBXFileReference; explicitFileType = wrapper.application; includeInIndex = 0; path = "View-Finder.app"; sourceTree = BUILT_PRODUCTS_DIR; };
		9784D2C32302F242007C3AE1 /* AppDelegate.swift */ = {isa = PBXFileReference; lastKnownFileType = sourcecode.swift; path = AppDelegate.swift; sourceTree = "<group>"; };
		9784D2C82302F242007C3AE1 /* Base */ = {isa = PBXFileReference; lastKnownFileType = file.storyboard; name = Base; path = Base.lproj/Main.storyboard; sourceTree = "<group>"; };
		9784D2CB2302F242007C3AE1 /* View_Finder.xcdatamodel */ = {isa = PBXFileReference; lastKnownFileType = wrapper.xcdatamodel; path = View_Finder.xcdatamodel; sourceTree = "<group>"; };
		9784D2CD2302F243007C3AE1 /* Assets.xcassets */ = {isa = PBXFileReference; lastKnownFileType = folder.assetcatalog; path = Assets.xcassets; sourceTree = "<group>"; };
		9784D2D02302F243007C3AE1 /* Base */ = {isa = PBXFileReference; lastKnownFileType = file.storyboard; name = Base; path = Base.lproj/LaunchScreen.storyboard; sourceTree = "<group>"; };
		9784D2D22302F243007C3AE1 /* Info.plist */ = {isa = PBXFileReference; lastKnownFileType = text.plist.xml; path = Info.plist; sourceTree = "<group>"; };
		9784D2D72302F243007C3AE1 /* View-FinderTests.xctest */ = {isa = PBXFileReference; explicitFileType = wrapper.cfbundle; includeInIndex = 0; path = "View-FinderTests.xctest"; sourceTree = BUILT_PRODUCTS_DIR; };
		9784D2DB2302F243007C3AE1 /* View_FinderTests.swift */ = {isa = PBXFileReference; lastKnownFileType = sourcecode.swift; path = View_FinderTests.swift; sourceTree = "<group>"; };
		9784D2DD2302F243007C3AE1 /* Info.plist */ = {isa = PBXFileReference; lastKnownFileType = text.plist.xml; path = Info.plist; sourceTree = "<group>"; };
		9784D2E22302F243007C3AE1 /* View-FinderUITests.xctest */ = {isa = PBXFileReference; explicitFileType = wrapper.cfbundle; includeInIndex = 0; path = "View-FinderUITests.xctest"; sourceTree = BUILT_PRODUCTS_DIR; };
		9784D2E62302F243007C3AE1 /* View_FinderUITests.swift */ = {isa = PBXFileReference; lastKnownFileType = sourcecode.swift; path = View_FinderUITests.swift; sourceTree = "<group>"; };
		9784D2E82302F243007C3AE1 /* Info.plist */ = {isa = PBXFileReference; lastKnownFileType = text.plist.xml; path = Info.plist; sourceTree = "<group>"; };
		9784D2F42302FCDA007C3AE1 /* ViewController.swift */ = {isa = PBXFileReference; lastKnownFileType = sourcecode.swift; path = ViewController.swift; sourceTree = "<group>"; };
/* End PBXFileReference section */

/* Begin PBXFrameworksBuildPhase section */
		9784D2BD2302F241007C3AE1 /* Frameworks */ = {
			isa = PBXFrameworksBuildPhase;
			buildActionMask = 2147483647;
			files = (
			);
			runOnlyForDeploymentPostprocessing = 0;
		};
		9784D2D42302F243007C3AE1 /* Frameworks */ = {
			isa = PBXFrameworksBuildPhase;
			buildActionMask = 2147483647;
			files = (
			);
			runOnlyForDeploymentPostprocessing = 0;
		};
		9784D2DF2302F243007C3AE1 /* Frameworks */ = {
			isa = PBXFrameworksBuildPhase;
			buildActionMask = 2147483647;
			files = (
			);
			runOnlyForDeploymentPostprocessing = 0;
		};
/* End PBXFrameworksBuildPhase section */

/* Begin PBXGroup section */
		9784D2B72302F241007C3AE1 = {
			isa = PBXGroup;
			children = (
				9784D2C22302F241007C3AE1 /* View-Finder */,
				9784D2DA2302F243007C3AE1 /* View-FinderTests */,
				9784D2E52302F243007C3AE1 /* View-FinderUITests */,
				9784D2C12302F241007C3AE1 /* Products */,
			);
			sourceTree = "<group>";
		};
		9784D2C12302F241007C3AE1 /* Products */ = {
			isa = PBXGroup;
			children = (
				9784D2C02302F241007C3AE1 /* View-Finder.app */,
				9784D2D72302F243007C3AE1 /* View-FinderTests.xctest */,
				9784D2E22302F243007C3AE1 /* View-FinderUITests.xctest */,
			);
			name = Products;
			sourceTree = "<group>";
		};
		9784D2C22302F241007C3AE1 /* View-Finder */ = {
			isa = PBXGroup;
			children = (
				9784D2C32302F242007C3AE1 /* AppDelegate.swift */,
				9784D2C72302F242007C3AE1 /* Main.storyboard */,
				9784D2F42302FCDA007C3AE1 /* ViewController.swift */,
				9784D2CD2302F243007C3AE1 /* Assets.xcassets */,
				9784D2CF2302F243007C3AE1 /* LaunchScreen.storyboard */,
				9784D2D22302F243007C3AE1 /* Info.plist */,
				9784D2CA2302F242007C3AE1 /* View_Finder.xcdatamodeld */,
			);
			path = "View-Finder";
			sourceTree = "<group>";
		};
		9784D2DA2302F243007C3AE1 /* View-FinderTests */ = {
			isa = PBXGroup;
			children = (
				9784D2DB2302F243007C3AE1 /* View_FinderTests.swift */,
				9784D2DD2302F243007C3AE1 /* Info.plist */,
			);
			path = "View-FinderTests";
			sourceTree = "<group>";
		};
		9784D2E52302F243007C3AE1 /* View-FinderUITests */ = {
			isa = PBXGroup;
			children = (
				9784D2E62302F243007C3AE1 /* View_FinderUITests.swift */,
				9784D2E82302F243007C3AE1 /* Info.plist */,
			);
			path = "View-FinderUITests";
			sourceTree = "<group>";
		};
/* End PBXGroup section */

/* Begin PBXNativeTarget section */
		9784D2BF2302F241007C3AE1 /* View-Finder */ = {
			isa = PBXNativeTarget;
			buildConfigurationList = 9784D2EB2302F243007C3AE1 /* Build configuration list for PBXNativeTarget "View-Finder" */;
			buildPhases = (
				9784D2BC2302F241007C3AE1 /* Sources */,
				9784D2BD2302F241007C3AE1 /* Frameworks */,
				9784D2BE2302F241007C3AE1 /* Resources */,
			);
			buildRules = (
			);
			dependencies = (
			);
			name = "View-Finder";
			productName = "View-Finder";
			productReference = 9784D2C02302F241007C3AE1 /* View-Finder.app */;
			productType = "com.apple.product-type.application";
		};
		9784D2D62302F243007C3AE1 /* View-FinderTests */ = {
			isa = PBXNativeTarget;
			buildConfigurationList = 9784D2EE2302F243007C3AE1 /* Build configuration list for PBXNativeTarget "View-FinderTests" */;
			buildPhases = (
				9784D2D32302F243007C3AE1 /* Sources */,
				9784D2D42302F243007C3AE1 /* Frameworks */,
				9784D2D52302F243007C3AE1 /* Resources */,
			);
			buildRules = (
			);
			dependencies = (
				9784D2D92302F243007C3AE1 /* PBXTargetDependency */,
			);
			name = "View-FinderTests";
			productName = "View-FinderTests";
			productReference = 9784D2D72302F243007C3AE1 /* View-FinderTests.xctest */;
			productType = "com.apple.product-type.bundle.unit-test";
		};
		9784D2E12302F243007C3AE1 /* View-FinderUITests */ = {
			isa = PBXNativeTarget;
			buildConfigurationList = 9784D2F12302F243007C3AE1 /* Build configuration list for PBXNativeTarget "View-FinderUITests" */;
			buildPhases = (
				9784D2DE2302F243007C3AE1 /* Sources */,
				9784D2DF2302F243007C3AE1 /* Frameworks */,
				9784D2E02302F243007C3AE1 /* Resources */,
			);
			buildRules = (
			);
			dependencies = (
				9784D2E42302F243007C3AE1 /* PBXTargetDependency */,
			);
			name = "View-FinderUITests";
			productName = "View-FinderUITests";
			productReference = 9784D2E22302F243007C3AE1 /* View-FinderUITests.xctest */;
			productType = "com.apple.product-type.bundle.ui-testing";
		};
/* End PBXNativeTarget section */

/* Begin PBXProject section */
		9784D2B82302F241007C3AE1 /* Project object */ = {
			isa = PBXProject;
			attributes = {
				LastSwiftUpdateCheck = 1020;
				LastUpgradeCheck = 1020;
				ORGANIZATIONNAME = Sivan;
				TargetAttributes = {
					9784D2BF2302F241007C3AE1 = {
						CreatedOnToolsVersion = 10.2.1;
					};
					9784D2D62302F243007C3AE1 = {
						CreatedOnToolsVersion = 10.2.1;
						TestTargetID = 9784D2BF2302F241007C3AE1;
					};
					9784D2E12302F243007C3AE1 = {
						CreatedOnToolsVersion = 10.2.1;
						TestTargetID = 9784D2BF2302F241007C3AE1;
					};
				};
			};
			buildConfigurationList = 9784D2BB2302F241007C3AE1 /* Build configuration list for PBXProject "View-Finder" */;
			compatibilityVersion = "Xcode 9.3";
			developmentRegion = en;
			hasScannedForEncodings = 0;
			knownRegions = (
				en,
				Base,
			);
			mainGroup = 9784D2B72302F241007C3AE1;
			productRefGroup = 9784D2C12302F241007C3AE1 /* Products */;
			projectDirPath = "";
			projectRoot = "";
			targets = (
				9784D2BF2302F241007C3AE1 /* View-Finder */,
				9784D2D62302F243007C3AE1 /* View-FinderTests */,
				9784D2E12302F243007C3AE1 /* View-FinderUITests */,
			);
		};
/* End PBXProject section */

/* Begin PBXResourcesBuildPhase section */
		9784D2BE2302F241007C3AE1 /* Resources */ = {
			isa = PBXResourcesBuildPhase;
			buildActionMask = 2147483647;
			files = (
				9784D2D12302F243007C3AE1 /* LaunchScreen.storyboard in Resources */,
				9784D2CE2302F243007C3AE1 /* Assets.xcassets in Resources */,
				9784D2C92302F242007C3AE1 /* Main.storyboard in Resources */,
			);
			runOnlyForDeploymentPostprocessing = 0;
		};
		9784D2D52302F243007C3AE1 /* Resources */ = {
			isa = PBXResourcesBuildPhase;
			buildActionMask = 2147483647;
			files = (
			);
			runOnlyForDeploymentPostprocessing = 0;
		};
		9784D2E02302F243007C3AE1 /* Resources */ = {
			isa = PBXResourcesBuildPhase;
			buildActionMask = 2147483647;
			files = (
			);
			runOnlyForDeploymentPostprocessing = 0;
		};
/* End PBXResourcesBuildPhase section */

/* Begin PBXSourcesBuildPhase section */
		9784D2BC2302F241007C3AE1 /* Sources */ = {
			isa = PBXSourcesBuildPhase;
			buildActionMask = 2147483647;
			files = (
				9784D2C42302F242007C3AE1 /* AppDelegate.swift in Sources */,
				9784D2F52302FCDA007C3AE1 /* ViewController.swift in Sources */,
				9784D2CC2302F242007C3AE1 /* View_Finder.xcdatamodeld in Sources */,
			);
			runOnlyForDeploymentPostprocessing = 0;
		};
		9784D2D32302F243007C3AE1 /* Sources */ = {
			isa = PBXSourcesBuildPhase;
			buildActionMask = 2147483647;
			files = (
				9784D2DC2302F243007C3AE1 /* View_FinderTests.swift in Sources */,
			);
			runOnlyForDeploymentPostprocessing = 0;
		};
		9784D2DE2302F243007C3AE1 /* Sources */ = {
			isa = PBXSourcesBuildPhase;
			buildActionMask = 2147483647;
			files = (
				9784D2E72302F243007C3AE1 /* View_FinderUITests.swift in Sources */,
			);
			runOnlyForDeploymentPostprocessing = 0;
		};
/* End PBXSourcesBuildPhase section */

/* Begin PBXTargetDependency section */
		9784D2D92302F243007C3AE1 /* PBXTargetDependency */ = {
			isa = PBXTargetDependency;
			target = 9784D2BF2302F241007C3AE1 /* View-Finder */;
			targetProxy = 9784D2D82302F243007C3AE1 /* PBXContainerItemProxy */;
		};
		9784D2E42302F243007C3AE1 /* PBXTargetDependency */ = {
			isa = PBXTargetDependency;
			target = 9784D2BF2302F241007C3AE1 /* View-Finder */;
			targetProxy = 9784D2E32302F243007C3AE1 /* PBXContainerItemProxy */;
		};
/* End PBXTargetDependency section */

/* Begin PBXVariantGroup section */
		9784D2C72302F242007C3AE1 /* Main.storyboard */ = {
			isa = PBXVariantGroup;
			children = (
				9784D2C82302F242007C3AE1 /* Base */,
			);
			name = Main.storyboard;
			sourceTree = "<group>";
		};
		9784D2CF2302F243007C3AE1 /* LaunchScreen.storyboard */ = {
			isa = PBXVariantGroup;
			children = (
				9784D2D02302F243007C3AE1 /* Base */,
			);
			name = LaunchScreen.storyboard;
			sourceTree = "<group>";
		};
/* End PBXVariantGroup section */

/* Begin XCBuildConfiguration section */
		9784D2E92302F243007C3AE1 /* Debug */ = {
			isa = XCBuildConfiguration;
			buildSettings = {
				ALWAYS_SEARCH_USER_PATHS = NO;
				CLANG_ANALYZER_NONNULL = YES;
				CLANG_ANALYZER_NUMBER_OBJECT_CONVERSION = YES_AGGRESSIVE;
				CLANG_CXX_LANGUAGE_STANDARD = "gnu++14";
				CLANG_CXX_LIBRARY = "libc++";
				CLANG_ENABLE_MODULES = YES;
				CLANG_ENABLE_OBJC_ARC = YES;
				CLANG_ENABLE_OBJC_WEAK = YES;
				CLANG_WARN_BLOCK_CAPTURE_AUTORELEASING = YES;
				CLANG_WARN_BOOL_CONVERSION = YES;
				CLANG_WARN_COMMA = YES;
				CLANG_WARN_CONSTANT_CONVERSION = YES;
				CLANG_WARN_DEPRECATED_OBJC_IMPLEMENTATIONS = YES;
				CLANG_WARN_DIRECT_OBJC_ISA_USAGE = YES_ERROR;
				CLANG_WARN_DOCUMENTATION_COMMENTS = YES;
				CLANG_WARN_EMPTY_BODY = YES;
				CLANG_WARN_ENUM_CONVERSION = YES;
				CLANG_WARN_INFINITE_RECURSION = YES;
				CLANG_WARN_INT_CONVERSION = YES;
				CLANG_WARN_NON_LITERAL_NULL_CONVERSION = YES;
				CLANG_WARN_OBJC_IMPLICIT_RETAIN_SELF = YES;
				CLANG_WARN_OBJC_LITERAL_CONVERSION = YES;
				CLANG_WARN_OBJC_ROOT_CLASS = YES_ERROR;
				CLANG_WARN_RANGE_LOOP_ANALYSIS = YES;
				CLANG_WARN_STRICT_PROTOTYPES = YES;
				CLANG_WARN_SUSPICIOUS_MOVE = YES;
				CLANG_WARN_UNGUARDED_AVAILABILITY = YES_AGGRESSIVE;
				CLANG_WARN_UNREACHABLE_CODE = YES;
				CLANG_WARN__DUPLICATE_METHOD_MATCH = YES;
				CODE_SIGN_IDENTITY = "iPhone Developer";
				COPY_PHASE_STRIP = NO;
				DEBUG_INFORMATION_FORMAT = dwarf;
				ENABLE_STRICT_OBJC_MSGSEND = YES;
				ENABLE_TESTABILITY = YES;
				GCC_C_LANGUAGE_STANDARD = gnu11;
				GCC_DYNAMIC_NO_PIC = NO;
				GCC_NO_COMMON_BLOCKS = YES;
				GCC_OPTIMIZATION_LEVEL = 0;
				GCC_PREPROCESSOR_DEFINITIONS = (
					"DEBUG=1",
					"$(inherited)",
				);
				GCC_WARN_64_TO_32_BIT_CONVERSION = YES;
				GCC_WARN_ABOUT_RETURN_TYPE = YES_ERROR;
				GCC_WARN_UNDECLARED_SELECTOR = YES;
				GCC_WARN_UNINITIALIZED_AUTOS = YES_AGGRESSIVE;
				GCC_WARN_UNUSED_FUNCTION = YES;
				GCC_WARN_UNUSED_VARIABLE = YES;
				IPHONEOS_DEPLOYMENT_TARGET = 12.2;
				MTL_ENABLE_DEBUG_INFO = INCLUDE_SOURCE;
				MTL_FAST_MATH = YES;
				ONLY_ACTIVE_ARCH = YES;
				SDKROOT = iphoneos;
				SWIFT_ACTIVE_COMPILATION_CONDITIONS = DEBUG;
				SWIFT_OPTIMIZATION_LEVEL = "-Onone";
			};
			name = Debug;
		};
		9784D2EA2302F243007C3AE1 /* Release */ = {
			isa = XCBuildConfiguration;
			buildSettings = {
				ALWAYS_SEARCH_USER_PATHS = NO;
				CLANG_ANALYZER_NONNULL = YES;
				CLANG_ANALYZER_NUMBER_OBJECT_CONVERSION = YES_AGGRESSIVE;
				CLANG_CXX_LANGUAGE_STANDARD = "gnu++14";
				CLANG_CXX_LIBRARY = "libc++";
				CLANG_ENABLE_MODULES = YES;
				CLANG_ENABLE_OBJC_ARC = YES;
				CLANG_ENABLE_OBJC_WEAK = YES;
				CLANG_WARN_BLOCK_CAPTURE_AUTORELEASING = YES;
				CLANG_WARN_BOOL_CONVERSION = YES;
				CLANG_WARN_COMMA = YES;
				CLANG_WARN_CONSTANT_CONVERSION = YES;
				CLANG_WARN_DEPRECATED_OBJC_IMPLEMENTATIONS = YES;
				CLANG_WARN_DIRECT_OBJC_ISA_USAGE = YES_ERROR;
				CLANG_WARN_DOCUMENTATION_COMMENTS = YES;
				CLANG_WARN_EMPTY_BODY = YES;
				CLANG_WARN_ENUM_CONVERSION = YES;
				CLANG_WARN_INFINITE_RECURSION = YES;
				CLANG_WARN_INT_CONVERSION = YES;
				CLANG_WARN_NON_LITERAL_NULL_CONVERSION = YES;
				CLANG_WARN_OBJC_IMPLICIT_RETAIN_SELF = YES;
				CLANG_WARN_OBJC_LITERAL_CONVERSION = YES;
				CLANG_WARN_OBJC_ROOT_CLASS = YES_ERROR;
				CLANG_WARN_RANGE_LOOP_ANALYSIS = YES;
				CLANG_WARN_STRICT_PROTOTYPES = YES;
				CLANG_WARN_SUSPICIOUS_MOVE = YES;
				CLANG_WARN_UNGUARDED_AVAILABILITY = YES_AGGRESSIVE;
				CLANG_WARN_UNREACHABLE_CODE = YES;
				CLANG_WARN__DUPLICATE_METHOD_MATCH = YES;
				CODE_SIGN_IDENTITY = "iPhone Developer";
				COPY_PHASE_STRIP = NO;
				DEBUG_INFORMATION_FORMAT = "dwarf-with-dsym";
				ENABLE_NS_ASSERTIONS = NO;
				ENABLE_STRICT_OBJC_MSGSEND = YES;
				GCC_C_LANGUAGE_STANDARD = gnu11;
				GCC_NO_COMMON_BLOCKS = YES;
				GCC_WARN_64_TO_32_BIT_CONVERSION = YES;
				GCC_WARN_ABOUT_RETURN_TYPE = YES_ERROR;
				GCC_WARN_UNDECLARED_SELECTOR = YES;
				GCC_WARN_UNINITIALIZED_AUTOS = YES_AGGRESSIVE;
				GCC_WARN_UNUSED_FUNCTION = YES;
				GCC_WARN_UNUSED_VARIABLE = YES;
				IPHONEOS_DEPLOYMENT_TARGET = 12.2;
				MTL_ENABLE_DEBUG_INFO = NO;
				MTL_FAST_MATH = YES;
				SDKROOT = iphoneos;
				SWIFT_COMPILATION_MODE = wholemodule;
				SWIFT_OPTIMIZATION_LEVEL = "-O";
				VALIDATE_PRODUCT = YES;
			};
			name = Release;
		};
		9784D2EC2302F243007C3AE1 /* Debug */ = {
			isa = XCBuildConfiguration;
			buildSettings = {
				ASSETCATALOG_COMPILER_APPICON_NAME = AppIcon;
				CODE_SIGN_STYLE = Automatic;
				INFOPLIST_FILE = "View-Finder/Info.plist";
				LD_RUNPATH_SEARCH_PATHS = (
					"$(inherited)",
					"@executable_path/Frameworks",
				);
				PRODUCT_BUNDLE_IDENTIFIER = "KWK.View-Finder";
				PRODUCT_NAME = "$(TARGET_NAME)";
				SWIFT_VERSION = 5.0;
				TARGETED_DEVICE_FAMILY = "1,2";
			};
			name = Debug;
		};
		9784D2ED2302F243007C3AE1 /* Release */ = {
			isa = XCBuildConfiguration;
			buildSettings = {
				ASSETCATALOG_COMPILER_APPICON_NAME = AppIcon;
				CODE_SIGN_STYLE = Automatic;
				INFOPLIST_FILE = "View-Finder/Info.plist";
				LD_RUNPATH_SEARCH_PATHS = (
					"$(inherited)",
					"@executable_path/Frameworks",
				);
				PRODUCT_BUNDLE_IDENTIFIER = "KWK.View-Finder";
				PRODUCT_NAME = "$(TARGET_NAME)";
				SWIFT_VERSION = 5.0;
				TARGETED_DEVICE_FAMILY = "1,2";
			};
			name = Release;
		};
		9784D2EF2302F243007C3AE1 /* Debug */ = {
			isa = XCBuildConfiguration;
			buildSettings = {
				ALWAYS_EMBED_SWIFT_STANDARD_LIBRARIES = YES;
				BUNDLE_LOADER = "$(TEST_HOST)";
				CODE_SIGN_STYLE = Automatic;
				INFOPLIST_FILE = "View-FinderTests/Info.plist";
				LD_RUNPATH_SEARCH_PATHS = (
					"$(inherited)",
					"@executable_path/Frameworks",
					"@loader_path/Frameworks",
				);
				PRODUCT_BUNDLE_IDENTIFIER = "KWK.View-FinderTests";
				PRODUCT_NAME = "$(TARGET_NAME)";
				SWIFT_VERSION = 5.0;
				TARGETED_DEVICE_FAMILY = "1,2";
				TEST_HOST = "$(BUILT_PRODUCTS_DIR)/View-Finder.app/View-Finder";
			};
			name = Debug;
		};
		9784D2F02302F243007C3AE1 /* Release */ = {
			isa = XCBuildConfiguration;
			buildSettings = {
				ALWAYS_EMBED_SWIFT_STANDARD_LIBRARIES = YES;
				BUNDLE_LOADER = "$(TEST_HOST)";
				CODE_SIGN_STYLE = Automatic;
				INFOPLIST_FILE = "View-FinderTests/Info.plist";
				LD_RUNPATH_SEARCH_PATHS = (
					"$(inherited)",
					"@executable_path/Frameworks",
					"@loader_path/Frameworks",
				);
				PRODUCT_BUNDLE_IDENTIFIER = "KWK.View-FinderTests";
				PRODUCT_NAME = "$(TARGET_NAME)";
				SWIFT_VERSION = 5.0;
				TARGETED_DEVICE_FAMILY = "1,2";
				TEST_HOST = "$(BUILT_PRODUCTS_DIR)/View-Finder.app/View-Finder";
			};
			name = Release;
		};
		9784D2F22302F243007C3AE1 /* Debug */ = {
			isa = XCBuildConfiguration;
			buildSettings = {
				ALWAYS_EMBED_SWIFT_STANDARD_LIBRARIES = YES;
				CODE_SIGN_STYLE = Automatic;
				INFOPLIST_FILE = "View-FinderUITests/Info.plist";
				LD_RUNPATH_SEARCH_PATHS = (
					"$(inherited)",
					"@executable_path/Frameworks",
					"@loader_path/Frameworks",
				);
				PRODUCT_BUNDLE_IDENTIFIER = "KWK.View-FinderUITests";
				PRODUCT_NAME = "$(TARGET_NAME)";
				SWIFT_VERSION = 5.0;
				TARGETED_DEVICE_FAMILY = "1,2";
				TEST_TARGET_NAME = "View-Finder";
			};
			name = Debug;
		};
		9784D2F32302F243007C3AE1 /* Release */ = {
			isa = XCBuildConfiguration;
			buildSettings = {
				ALWAYS_EMBED_SWIFT_STANDARD_LIBRARIES = YES;
				CODE_SIGN_STYLE = Automatic;
				INFOPLIST_FILE = "View-FinderUITests/Info.plist";
				LD_RUNPATH_SEARCH_PATHS = (
					"$(inherited)",
					"@executable_path/Frameworks",
					"@loader_path/Frameworks",
				);
				PRODUCT_BUNDLE_IDENTIFIER = "KWK.View-FinderUITests";
				PRODUCT_NAME = "$(TARGET_NAME)";
				SWIFT_VERSION = 5.0;
				TARGETED_DEVICE_FAMILY = "1,2";
				TEST_TARGET_NAME = "View-Finder";
			};
			name = Release;
		};
/* End XCBuildConfiguration section */

/* Begin XCConfigurationList section */
		9784D2BB2302F241007C3AE1 /* Build configuration list for PBXProject "View-Finder" */ = {
			isa = XCConfigurationList;
			buildConfigurations = (
				9784D2E92302F243007C3AE1 /* Debug */,
				9784D2EA2302F243007C3AE1 /* Release */,
			);
			defaultConfigurationIsVisible = 0;
			defaultConfigurationName = Release;
		};
		9784D2EB2302F243007C3AE1 /* Build configuration list for PBXNativeTarget "View-Finder" */ = {
			isa = XCConfigurationList;
			buildConfigurations = (
				9784D2EC2302F243007C3AE1 /* Debug */,
				9784D2ED2302F243007C3AE1 /* Release */,
			);
			defaultConfigurationIsVisible = 0;
			defaultConfigurationName = Release;
		};
		9784D2EE2302F243007C3AE1 /* Build configuration list for PBXNativeTarget "View-FinderTests" */ = {
			isa = XCConfigurationList;
			buildConfigurations = (
				9784D2EF2302F243007C3AE1 /* Debug */,
				9784D2F02302F243007C3AE1 /* Release */,
			);
			defaultConfigurationIsVisible = 0;
			defaultConfigurationName = Release;
		};
		9784D2F12302F243007C3AE1 /* Build configuration list for PBXNativeTarget "View-FinderUITests" */ = {
			isa = XCConfigurationList;
			buildConfigurations = (
				9784D2F22302F243007C3AE1 /* Debug */,
				9784D2F32302F243007C3AE1 /* Release */,
			);
			defaultConfigurationIsVisible = 0;
			defaultConfigurationName = Release;
		};
/* End XCConfigurationList section */

/* Begin XCVersionGroup section */
		9784D2CA2302F242007C3AE1 /* View_Finder.xcdatamodeld */ = {
			isa = XCVersionGroup;
			children = (
				9784D2CB2302F242007C3AE1 /* View_Finder.xcdatamodel */,
			);
			currentVersion = 9784D2CB2302F242007C3AE1 /* View_Finder.xcdatamodel */;
			path = View_Finder.xcdatamodeld;
			sourceTree = "<group>";
			versionGroupType = wrapper.xcdatamodel;
		};
/* End XCVersionGroup section */
	};
	rootObject = 9784D2B82302F241007C3AE1 /* Project object */;
}
